
Microsoft Visual Studio Solution File, Format Version 12.00
# Visual Studio Version 16
VisualStudioVersion = 16.0.31410.357
MinimumVisualStudioVersion = 10.0.40219.1
Project("{9A19103F-16F7-4668-BE54-9A1E7A4F7556}") = "PieShop.App", "PieShop.App\PieShop.App.csproj", "{EE2EE44C-D801-4E31-8043-A5F2C67FC8E1}"
EndProject
Project("{9A19103F-16F7-4668-BE54-9A1E7A4F7556}") = "PieShop.Shared", "PieShop.Shared\PieShop.Shared.csproj", "{BB7E4EA2-5E1C-4BF7-B888-8CFD8333621A}"
EndProject
Project("{9A19103F-16F7-4668-BE54-9A1E7A4F7556}") = "PieShop.Api", "PieShop.Api\PieShop.Api.csproj", "{E7A821B3-35D9-45FE-93ED-D1CA8C7505CC}"
EndProject
Project("{9A19103F-16F7-4668-BE54-9A1E7A4F7556}") = "PieShop.ComponentsLibrary", "PieShop.ComponentsLibrary\PieShop.ComponentsLibrary.csproj", "{15886DD5-85A2-4F90-81B7-8899D19FDB0B}"
EndProject
Global
	GlobalSection(SolutionConfigurationPlatforms) = preSolution
		Debug|Any CPU = Debug|Any CPU
		Release|Any CPU = Release|Any CPU
	EndGlobalSection
	GlobalSection(ProjectConfigurationPlatforms) = postSolution
		{EE2EE44C-D801-4E31-8043-A5F2C67FC8E1}.Debug|Any CPU.ActiveCfg = Debug|Any CPU
		{EE2EE44C-D801-4E31-8043-A5F2C67FC8E1}.Debug|Any CPU.Build.0 = Debug|Any CPU
		{EE2EE44C-D801-4E31-8043-A5F2C67FC8E1}.Release|Any CPU.ActiveCfg = Release|Any CPU
		{EE2EE44C-D801-4E31-8043-A5F2C67FC8E1}.Release|Any CPU.Build.0 = Release|Any CPU
		{BB7E4EA2-5E1C-4BF7-B888-8CFD8333621A}.Debug|Any CPU.ActiveCfg = Debug|Any CPU
		{BB7E4EA2-5E1C-4BF7-B888-8CFD8333621A}.Debug|Any CPU.Build.0 = Debug|Any CPU
		{BB7E4EA2-5E1C-4BF7-B888-8CFD8333621A}.Release|Any CPU.ActiveCfg = Release|Any CPU
		{BB7E4EA2-5E1C-4BF7-B888-8CFD8333621A}.Release|Any CPU.Build.0 = Release|Any CPU
		{E7A821B3-35D9-45FE-93ED-D1CA8C7505CC}.Debug|Any CPU.ActiveCfg = Debug|Any CPU
		{E7A821B3-35D9-45FE-93ED-D1CA8C7505CC}.Debug|Any CPU.Build.0 = Debug|Any CPU
		{E7A821B3-35D9-45FE-93ED-D1CA8C7505CC}.Release|Any CPU.ActiveCfg = Release|Any CPU
		{E7A821B3-35D9-45FE-93ED-D1CA8C7505CC}.Release|Any CPU.Build.0 = Release|Any CPU
		{15886DD5-85A2-4F90-81B7-8899D19FDB0B}.Debug|Any CPU.ActiveCfg = Debug|Any CPU
		{15886DD5-85A2-4F90-81B7-8899D19FDB0B}.Debug|Any CPU.Build.0 = Debug|Any CPU
		{15886DD5-85A2-4F90-81B7-8899D19FDB0B}.Release|Any CPU.ActiveCfg = Release|Any CPU
		{15886DD5-85A2-4F90-81B7-8899D19FDB0B}.Release|Any CPU.Build.0 = Release|Any CPU
	EndGlobalSection
	GlobalSection(SolutionProperties) = preSolution
		HideSolutionNode = FALSE
	EndGlobalSection
	GlobalSection(ExtensibilityGlobals) = postSolution
		SolutionGuid = {3CDCD35C-D8DA-4061-837B-D237437763BB}
	EndGlobalSection
EndGlobal
